
Microsoft Visual Studio Solution File, Format Version 12.00
# Visual Studio Version 16
VisualStudioVersion = 16.0.31729.503
MinimumVisualStudioVersion = 10.0.40219.1
Project("{FAE04EC0-301F-11D3-BF4B-00C04F79EFBC}") = "1-PrimeiroProjeto", "1-PrimeiroProjeto\1-PrimeiroProjeto.csproj", "{DDE0DE7E-4C56-4173-B82F-587C0D2E4580}"
EndProject
Project("{FAE04EC0-301F-11D3-BF4B-00C04F79EFBC}") = "2-CriandoVariaveis", "2-CriandoVariaveis\2-CriandoVariaveis.csproj", "{32A406F9-519F-4F49-BA1D-5789FDB823E4}"
EndProject
Global
	GlobalSection(SolutionConfigurationPlatforms) = preSolution
		Debug|Any CPU = Debug|Any CPU
		Release|Any CPU = Release|Any CPU
	EndGlobalSection
	GlobalSection(ProjectConfigurationPlatforms) = postSolution
		{DDE0DE7E-4C56-4173-B82F-587C0D2E4580}.Debug|Any CPU.ActiveCfg = Debug|Any CPU
		{DDE0DE7E-4C56-4173-B82F-587C0D2E4580}.Debug|Any CPU.Build.0 = Debug|Any CPU
		{DDE0DE7E-4C56-4173-B82F-587C0D2E4580}.Release|Any CPU.ActiveCfg = Release|Any CPU
		{DDE0DE7E-4C56-4173-B82F-587C0D2E4580}.Release|Any CPU.Build.0 = Release|Any CPU
		{32A406F9-519F-4F49-BA1D-5789FDB823E4}.Debug|Any CPU.ActiveCfg = Debug|Any CPU
		{32A406F9-519F-4F49-BA1D-5789FDB823E4}.Debug|Any CPU.Build.0 = Debug|Any CPU
		{32A406F9-519F-4F49-BA1D-5789FDB823E4}.Release|Any CPU.ActiveCfg = Release|Any CPU
		{32A406F9-519F-4F49-BA1D-5789FDB823E4}.Release|Any CPU.Build.0 = Release|Any CPU
	EndGlobalSection
	GlobalSection(SolutionProperties) = preSolution
		HideSolutionNode = FALSE
	EndGlobalSection
	GlobalSection(ExtensibilityGlobals) = postSolution
		SolutionGuid = {D813D2A7-3116-4482-8225-F47159DF617D}
	EndGlobalSection
EndGlobal
